{
    "_readme": [
        "This file locks the dependencies of your project to a known state",
        "Read more about it at https://getcomposer.org/doc/01-basic-usage.md#installing-dependencies",
        "This file is @generated automatically"
    ],
    "content-hash": "0b799d6896221bd9111e771a03d49bf3",
    "packages": [
        {
            "name": "advanced-custom-fields/advanced-custom-fields-pro",
            "version": "5.8.4",
            "dist": {
                "type": "zip",
                "url": "https://connect.advancedcustomfields.com/index.php?a=download&p=pro&k={%ACF_PRO_KEY}&t=5.8.4"
            },
            "require": {
                "composer/installers": "^1.4",
                "ffraenz/private-composer-installer": "^2.0"
            },
            "type": "wordpress-plugin"
        },
        {
            "name": "composer/installers",
            "version": "v1.7.0",
            "source": {
                "type": "git",
                "url": "https://github.com/composer/installers.git",
                "reference": "141b272484481432cda342727a427dc1e206bfa0"
            },
            "dist": {
                "type": "zip",
                "url": "https://api.github.com/repos/composer/installers/zipball/141b272484481432cda342727a427dc1e206bfa0",
                "reference": "141b272484481432cda342727a427dc1e206bfa0",
                "shasum": ""
            },
            "require": {
                "composer-plugin-api": "^1.0"
            },
            "replace": {
                "roundcube/plugin-installer": "*",
                "shama/baton": "*"
            },
            "require-dev": {
                "composer/composer": "1.0.*@dev",
                "phpunit/phpunit": "^4.8.36"
            },
            "type": "composer-plugin",
            "extra": {
                "class": "Composer\\Installers\\Plugin",
                "branch-alias": {
                    "dev-master": "1.0-dev"
                }
            },
            "autoload": {
                "psr-4": {
                    "Composer\\Installers\\": "src/Composer/Installers"
                }
            },
            "notification-url": "https://packagist.org/downloads/",
            "license": [
                "MIT"
            ],
            "authors": [
                {
                    "name": "Kyle Robinson Young",
                    "email": "kyle@dontkry.com",
                    "homepage": "https://github.com/shama"
                }
            ],
            "description": "A multi-framework Composer library installer",
            "homepage": "https://composer.github.io/installers/",
            "keywords": [
                "Craft",
                "Dolibarr",
                "Eliasis",
                "Hurad",
                "ImageCMS",
                "Kanboard",
                "Lan Management System",
                "MODX Evo",
                "Mautic",
                "Maya",
                "OXID",
                "Plentymarkets",
                "Porto",
                "RadPHP",
                "SMF",
                "Thelia",
                "Whmcs",
                "WolfCMS",
                "agl",
                "aimeos",
                "annotatecms",
                "attogram",
                "bitrix",
                "cakephp",
                "chef",
                "cockpit",
                "codeigniter",
                "concrete5",
                "croogo",
                "dokuwiki",
                "drupal",
                "eZ Platform",
                "elgg",
                "expressionengine",
                "fuelphp",
                "grav",
                "installer",
                "itop",
                "joomla",
                "known",
                "kohana",
                "laravel",
                "lavalite",
                "lithium",
                "magento",
                "majima",
                "mako",
                "mediawiki",
                "modulework",
                "modx",
                "moodle",
                "osclass",
                "phpbb",
                "piwik",
                "ppi",
                "puppet",
                "pxcms",
                "reindex",
                "roundcube",
                "shopware",
                "silverstripe",
                "sydes",
                "symfony",
                "typo3",
                "wordpress",
                "yawik",
                "zend",
                "zikula"
            ],
            "time": "2019-08-12T15:00:31+00:00"
        },
        {
            "name": "dashifen/exception",
            "version": "1.1.2",
            "source": {
                "type": "git",
                "url": "https://github.com/dashifen/exception.git",
                "reference": "c900fdd58f4b50562810b9930d1f5c52b64da28b"
            },
            "dist": {
                "type": "zip",
                "url": "https://api.github.com/repos/dashifen/exception/zipball/c900fdd58f4b50562810b9930d1f5c52b64da28b",
                "reference": "c900fdd58f4b50562810b9930d1f5c52b64da28b",
                "shasum": ""
            },
            "require": {
                "php": ">=7.3"
            },
            "type": "library",
            "autoload": {
                "psr-4": {
                    "Dashifen\\Exception\\": "src/"
                }
            },
            "notification-url": "https://packagist.org/downloads/",
            "license": [
                "MIT"
            ],
            "authors": [
                {
                    "name": "David Dashifen Kees",
                    "email": "dashifen@dashifen.com",
                    "homepage": "https://dashifen.com",
                    "role": "developer"
                }
            ],
            "description": "a base class for exceptions in Dashifen's other work",
            "time": "2019-11-30T20:08:44+00:00"
        },
        {
            "name": "dashifen/repository",
            "version": "1.3.5",
            "source": {
                "type": "git",
                "url": "https://github.com/dashifen/repository.git",
                "reference": "5d616ffbe9c6fdfe5bc45838238cf1af8e0e75ea"
            },
            "dist": {
                "type": "zip",
                "url": "https://api.github.com/repos/dashifen/repository/zipball/5d616ffbe9c6fdfe5bc45838238cf1af8e0e75ea",
                "reference": "5d616ffbe9c6fdfe5bc45838238cf1af8e0e75ea",
                "shasum": ""
            },
            "require": {
                "dashifen/exception": "^1",
                "ext-json": "*",
                "php": ">=7.3"
            },
            "type": "library",
            "autoload": {
                "psr-4": {
                    "Dashifen\\Repository\\": "src"
                }
            },
            "notification-url": "https://packagist.org/downloads/",
            "license": [
                "WTFPL"
            ],
            "authors": [
                {
                    "name": "David Dashifen Kees",
                    "email": "dashifen@dashifen.com",
                    "role": "developer"
                }
            ],
            "description": "An object with read-only protected properties from which other objects can be extened.",
            "time": "2019-11-30T20:27:08+00:00"
        },
        {
            "name": "dashifen/transformer",
            "version": "2.0.3",
            "source": {
                "type": "git",
                "url": "https://github.com/dashifen/transformer.git",
                "reference": "b16471137b1d4e22ec97a6b939afb99d0511c3c7"
            },
            "dist": {
                "type": "zip",
                "url": "https://api.github.com/repos/dashifen/transformer/zipball/b16471137b1d4e22ec97a6b939afb99d0511c3c7",
                "reference": "b16471137b1d4e22ec97a6b939afb99d0511c3c7",
                "shasum": ""
            },
            "require": {
                "php": ">=7.3"
            },
            "type": "project",
            "autoload": {
                "psr-4": {
                    "Dashifen\\Transformer\\": "src"
                }
            },
            "notification-url": "https://packagist.org/downloads/",
            "license": [
                "MIT"
            ],
            "authors": [
                {
                    "name": "David Dashifen Kees",
                    "email": "dashifen@dashifen.com"
                }
            ],
            "description": "An interface and abstract class useful for the production of objects which transform data.",
            "time": "2019-11-30T19:46:41+00:00"
        },
        {
            "name": "dashifen/wp-handler",
            "version": "6.3.2",
            "source": {
                "type": "git",
                "url": "https://github.com/dashifen/wp-handler.git",
                "reference": "3f130332082a51a9399d62a258487dfd132f16c6"
            },
            "dist": {
                "type": "zip",
                "url": "https://api.github.com/repos/dashifen/wp-handler/zipball/3f130332082a51a9399d62a258487dfd132f16c6",
                "reference": "3f130332082a51a9399d62a258487dfd132f16c6",
                "shasum": ""
            },
            "require": {
                "dashifen/exception": "^1",
                "dashifen/repository": "^1",
                "dashifen/transformer": "^2",
                "php": ">=7.2"
            },
            "type": "project",
            "autoload": {
                "psr-4": {
                    "Dashifen\\WPHandler\\": "src"
                }
            },
            "notification-url": "https://packagist.org/downloads/",
            "license": [
                "MIT"
            ],
            "authors": [
                {
                    "name": "David Dashifen Kees",
                    "email": "dashifen@dashifen.com",
                    "role": "developer"
                }
            ],
            "description": "An object to define handlers for various WordPress action and filter hooks using protected methods. ",
            "time": "2019-11-30T19:45:20+00:00"
        },
        {
            "name": "dashifen/wp-templates",
            "version": "1.0.4",
            "source": {
                "type": "git",
                "url": "https://github.com/dashifen/wp-templates.git",
                "reference": "e1a2091e55c60194b090eb629268c9560feaae4e"
            },
            "dist": {
                "type": "zip",
                "url": "https://api.github.com/repos/dashifen/wp-templates/zipball/e1a2091e55c60194b090eb629268c9560feaae4e",
                "reference": "e1a2091e55c60194b090eb629268c9560feaae4e",
                "shasum": ""
            },
            "require": {
                "dashifen/exception": "1.1.*",
                "php": ">=7.2"
            },
            "type": "project",
            "autoload": {
                "psr-4": {
                    "Dashifen\\WPTemplates\\": "src"
                }
            },
            "notification-url": "https://packagist.org/downloads/",
            "license": [
                "MIT"
            ],
            "authors": [
                {
                    "name": "David Dashifen Kees",
                    "email": "dashifen@dashifen.com",
                    "role": "developer"
                }
            ],
            "description": "A series of objects that encapsulate behaviors for WordPress templates.",
            "time": "2019-11-30T19:51:41+00:00"
        },
        {
            "name": "ffraenz/private-composer-installer",
            "version": "v2.0.0",
            "source": {
                "type": "git",
                "url": "https://github.com/ffraenz/private-composer-installer.git",
                "reference": "dc54b0200952f8c03a08b5593a933c308343a2a9"
            },
            "dist": {
                "type": "zip",
                "url": "https://api.github.com/repos/ffraenz/private-composer-installer/zipball/dc54b0200952f8c03a08b5593a933c308343a2a9",
                "reference": "dc54b0200952f8c03a08b5593a933c308343a2a9",
                "shasum": ""
            },
            "require": {
                "composer-plugin-api": "^1.0.0",
                "php": "^5.6 || ^7.0",
                "vlucas/phpdotenv": "^3.0"
            },
            "require-dev": {
                "composer/composer": "1.0.*",
                "phpunit/phpunit": "5.7.* || ^6.3",
                "zendframework/zend-coding-standard": "^1.0"
            },
            "type": "composer-plugin",
            "extra": {
                "class": "FFraenz\\PrivateComposerInstaller\\Plugin"
            },
            "autoload": {
                "psr-4": {
                    "FFraenz\\PrivateComposerInstaller\\": "src/PrivateComposerInstaller"
                }
            },
            "notification-url": "https://packagist.org/downloads/",
            "license": [
                "MIT"
            ],
            "authors": [
                {
                    "name": "Fränz Friederes",
                    "email": "fraenz@frieder.es",
                    "homepage": "https://fraenz.frieder.es"
                }
            ],
            "description": "A composer install helper for private packages",
            "keywords": [
                "composer",
                "env",
                "plugin",
                "private",
                "wordpress",
                "wp"
            ],
            "time": "2019-01-30T21:44:48+00:00"
        },
        {
            "name": "icanboogie/inflector",
            "version": "v1.5.0",
            "source": {
                "type": "git",
                "url": "https://github.com/ICanBoogie/Inflector.git",
                "reference": "fb6ca7977f8a7ebb46aff0183ee868d798f77ab8"
            },
            "dist": {
                "type": "zip",
                "url": "https://api.github.com/repos/ICanBoogie/Inflector/zipball/fb6ca7977f8a7ebb46aff0183ee868d798f77ab8",
                "reference": "fb6ca7977f8a7ebb46aff0183ee868d798f77ab8",
                "shasum": ""
            },
            "require": {
                "ext-mbstring": "*",
                "php": ">=5.3.4"
            },
            "type": "library",
            "autoload": {
                "classmap": [
                    "lib/"
                ],
                "files": [
                    "lib/helpers.php"
                ]
            },
            "notification-url": "https://packagist.org/downloads/",
            "license": [
                "BSD-3-Clause"
            ],
            "authors": [
                {
                    "name": "Olivier Laviale",
                    "role": "Developer",
                    "email": "olivier.laviale@gmail.com",
                    "homepage": "http://www.weirdog.com/"
                }
            ],
            "description": "Multilingual inflector that transforms words from singular to plural, underscore to camel case, and more.",
            "homepage": "http://icanboogie.org/",
            "keywords": [
                "camelize",
                "hyphenate",
                "inflect",
                "multilingual",
                "pluralize",
                "singularize",
                "underscore"
            ],
            "time": "2019-05-21T19:05:31+00:00"
        },
        {
            "name": "league/container",
            "version": "3.3.0",
            "source": {
                "type": "git",
                "url": "https://github.com/thephpleague/container.git",
                "reference": "235cc528636833fbf0d771ad0e2410d345e1096e"
            },
            "dist": {
                "type": "zip",
                "url": "https://api.github.com/repos/thephpleague/container/zipball/235cc528636833fbf0d771ad0e2410d345e1096e",
                "reference": "235cc528636833fbf0d771ad0e2410d345e1096e",
                "shasum": ""
            },
            "require": {
                "php": "^7.0",
                "psr/container": "^1.0"
            },
            "provide": {
                "psr/container-implementation": "^1.0"
            },
            "replace": {
                "orno/di": "~2.0"
            },
            "require-dev": {
                "phpunit/phpunit": "^6.0",
                "squizlabs/php_codesniffer": "^3.3"
            },
            "type": "library",
            "extra": {
                "branch-alias": {
                    "dev-3.x": "3.x-dev",
                    "dev-2.x": "2.x-dev",
                    "dev-1.x": "1.x-dev"
                }
            },
            "autoload": {
                "psr-4": {
                    "League\\Container\\": "src"
                }
            },
            "notification-url": "https://packagist.org/downloads/",
            "license": [
                "MIT"
            ],
            "authors": [
                {
                    "name": "Phil Bennett",
                    "email": "philipobenito@gmail.com",
                    "homepage": "http://www.philipobenito.com",
                    "role": "Developer"
                }
            ],
            "description": "A fast and intuitive dependency injection container.",
            "homepage": "https://github.com/thephpleague/container",
            "keywords": [
                "container",
                "dependency",
                "di",
                "injection",
                "league",
                "provider",
                "service"
            ],
            "time": "2019-06-30T10:51:38+00:00"
        },
        {
            "name": "phpoption/phpoption",
            "version": "1.6.0",
            "source": {
                "type": "git",
                "url": "https://github.com/schmittjoh/php-option.git",
                "reference": "f4e7a6a1382183412246f0d361078c29fb85089e"
            },
            "dist": {
                "type": "zip",
                "url": "https://api.github.com/repos/schmittjoh/php-option/zipball/f4e7a6a1382183412246f0d361078c29fb85089e",
                "reference": "f4e7a6a1382183412246f0d361078c29fb85089e",
                "shasum": ""
            },
            "require": {
                "php": "^5.5.9 || ^7.0"
            },
            "require-dev": {
                "phpunit/phpunit": "^4.8.35 || ^5.0 || ^6.0 || ^7.0"
            },
            "type": "library",
            "extra": {
                "branch-alias": {
                    "dev-master": "1.6-dev"
                }
            },
            "autoload": {
                "psr-4": {
                    "PhpOption\\": "src/PhpOption/"
                }
            },
            "notification-url": "https://packagist.org/downloads/",
            "license": [
                "Apache-2.0"
            ],
            "authors": [
                {
                    "name": "Johannes M. Schmitt",
                    "email": "schmittjoh@gmail.com"
                },
                {
                    "name": "Graham Campbell",
                    "email": "graham@alt-three.com"
                }
            ],
            "description": "Option Type for PHP",
            "keywords": [
                "language",
                "option",
                "php",
                "type"
            ],
            "time": "2019-11-30T20:20:49+00:00"
        },
        {
            "name": "psr/container",
            "version": "1.0.0",
            "source": {
                "type": "git",
                "url": "https://github.com/php-fig/container.git",
                "reference": "b7ce3b176482dbbc1245ebf52b181af44c2cf55f"
            },
            "dist": {
                "type": "zip",
                "url": "https://api.github.com/repos/php-fig/container/zipball/b7ce3b176482dbbc1245ebf52b181af44c2cf55f",
                "reference": "b7ce3b176482dbbc1245ebf52b181af44c2cf55f",
                "shasum": ""
            },
            "require": {
                "php": ">=5.3.0"
            },
            "type": "library",
            "extra": {
                "branch-alias": {
                    "dev-master": "1.0.x-dev"
                }
            },
            "autoload": {
                "psr-4": {
                    "Psr\\Container\\": "src/"
                }
            },
            "notification-url": "https://packagist.org/downloads/",
            "license": [
                "MIT"
            ],
            "authors": [
                {
                    "name": "PHP-FIG",
                    "homepage": "http://www.php-fig.org/"
                }
            ],
            "description": "Common Container Interface (PHP FIG PSR-11)",
            "homepage": "https://github.com/php-fig/container",
            "keywords": [
                "PSR-11",
                "container",
                "container-interface",
                "container-interop",
                "psr"
            ],
            "time": "2017-02-14T16:28:37+00:00"
        },
        {
            "name": "symfony/polyfill-ctype",
            "version": "v1.13.1",
            "source": {
                "type": "git",
                "url": "https://github.com/symfony/polyfill-ctype.git",
                "reference": "f8f0b461be3385e56d6de3dbb5a0df24c0c275e3"
            },
            "dist": {
                "type": "zip",
                "url": "https://api.github.com/repos/symfony/polyfill-ctype/zipball/f8f0b461be3385e56d6de3dbb5a0df24c0c275e3",
                "reference": "f8f0b461be3385e56d6de3dbb5a0df24c0c275e3",
                "shasum": ""
            },
            "require": {
                "php": ">=5.3.3"
            },
            "suggest": {
                "ext-ctype": "For best performance"
            },
            "type": "library",
            "extra": {
                "branch-alias": {
                    "dev-master": "1.13-dev"
                }
            },
            "autoload": {
                "psr-4": {
                    "Symfony\\Polyfill\\Ctype\\": ""
                },
                "files": [
                    "bootstrap.php"
                ]
            },
            "notification-url": "https://packagist.org/downloads/",
            "license": [
                "MIT"
            ],
            "authors": [
                {
                    "name": "Gert de Pagter",
                    "email": "BackEndTea@gmail.com"
                },
                {
                    "name": "Symfony Community",
                    "homepage": "https://symfony.com/contributors"
                }
            ],
            "description": "Symfony polyfill for ctype functions",
            "homepage": "https://symfony.com",
            "keywords": [
                "compatibility",
                "ctype",
                "polyfill",
                "portable"
            ],
            "time": "2019-11-27T13:56:44+00:00"
        },
        {
            "name": "symfony/yaml",
            "version": "v4.4.0",
            "source": {
                "type": "git",
                "url": "https://github.com/symfony/yaml.git",
                "reference": "76de473358fe802578a415d5bb43c296cf09d211"
            },
            "dist": {
                "type": "zip",
                "url": "https://api.github.com/repos/symfony/yaml/zipball/76de473358fe802578a415d5bb43c296cf09d211",
                "reference": "76de473358fe802578a415d5bb43c296cf09d211",
                "shasum": ""
            },
            "require": {
                "php": "^7.1.3",
                "symfony/polyfill-ctype": "~1.8"
            },
            "conflict": {
                "symfony/console": "<3.4"
            },
            "require-dev": {
                "symfony/console": "^3.4|^4.0|^5.0"
            },
            "suggest": {
                "symfony/console": "For validating YAML files using the lint command"
            },
            "type": "library",
            "extra": {
                "branch-alias": {
                    "dev-master": "4.4-dev"
                }
            },
            "autoload": {
                "psr-4": {
                    "Symfony\\Component\\Yaml\\": ""
                },
                "exclude-from-classmap": [
                    "/Tests/"
                ]
            },
            "notification-url": "https://packagist.org/downloads/",
            "license": [
                "MIT"
            ],
            "authors": [
                {
                    "name": "Fabien Potencier",
                    "email": "fabien@symfony.com"
                },
                {
                    "name": "Symfony Community",
                    "homepage": "https://symfony.com/contributors"
                }
            ],
            "description": "Symfony Yaml Component",
            "homepage": "https://symfony.com",
            "time": "2019-11-12T14:51:11+00:00"
        },
        {
            "name": "vlucas/phpdotenv",
            "version": "v3.6.0",
            "source": {
                "type": "git",
                "url": "https://github.com/vlucas/phpdotenv.git",
                "reference": "1bdf24f065975594f6a117f0f1f6cabf1333b156"
            },
            "dist": {
                "type": "zip",
                "url": "https://api.github.com/repos/vlucas/phpdotenv/zipball/1bdf24f065975594f6a117f0f1f6cabf1333b156",
                "reference": "1bdf24f065975594f6a117f0f1f6cabf1333b156",
                "shasum": ""
            },
            "require": {
                "php": "^5.4 || ^7.0",
                "phpoption/phpoption": "^1.5",
                "symfony/polyfill-ctype": "^1.9"
            },
            "require-dev": {
                "phpunit/phpunit": "^4.8.35 || ^5.0 || ^6.0 || ^7.0"
            },
            "type": "library",
            "extra": {
                "branch-alias": {
                    "dev-master": "3.6-dev"
                }
            },
            "autoload": {
                "psr-4": {
                    "Dotenv\\": "src/"
                }
            },
            "notification-url": "https://packagist.org/downloads/",
            "license": [
                "BSD-3-Clause"
            ],
            "authors": [
                {
                    "name": "Graham Campbell",
                    "email": "graham@alt-three.com",
                    "homepage": "https://gjcampbell.co.uk/"
                },
                {
                    "name": "Vance Lucas",
                    "email": "vance@vancelucas.com",
                    "homepage": "https://vancelucas.com/"
                }
            ],
            "description": "Loads environment variables from `.env` to `getenv()`, `$_ENV` and `$_SERVER` automagically.",
            "keywords": [
                "dotenv",
                "env",
                "environment"
            ],
            "time": "2019-09-10T21:37:39+00:00"
        },
        {
            "name": "wpackagist-plugin/timber-library",
            "version": "1.13.0",
            "source": {
                "type": "svn",
                "url": "https://plugins.svn.wordpress.org/timber-library/",
                "reference": "tags/1.13.0"
            },
            "dist": {
                "type": "zip",
                "url": "https://downloads.wordpress.org/plugin/timber-library.1.13.0.zip"
            },
            "require": {
                "composer/installers": "~1.0"
            },
            "type": "wordpress-plugin",
            "homepage": "https://wordpress.org/plugins/timber-library/"
        }
    ],
    "packages-dev": [],
    "aliases": [],
    "minimum-stability": "dev",
    "stability-flags": [],
    "prefer-stable": true,
    "prefer-lowest": false,
    "platform": {
        "php": ">=7.3"
    },
    "platform-dev": []
}
