{
    "_readme": [
        "This file locks the dependencies of your project to a known state",
        "Read more about it at https://getcomposer.org/doc/01-basic-usage.md#installing-dependencies",
        "This file is @generated automatically"
    ],
    "content-hash": "3910cf8e75a7d89b90383c8f11d85654",
    "packages": [
        {
            "name": "aura/di",
            "version": "3.x-dev",
            "source": {
                "type": "git",
                "url": "https://github.com/auraphp/Aura.Di.git",
                "reference": "68a7a4323b4df00f602e0ac4e768aacac8a6d416"
            },
            "dist": {
                "type": "zip",
                "url": "https://api.github.com/repos/auraphp/Aura.Di/zipball/68a7a4323b4df00f602e0ac4e768aacac8a6d416",
                "reference": "68a7a4323b4df00f602e0ac4e768aacac8a6d416",
                "shasum": ""
            },
            "require": {
                "container-interop/container-interop": "~1.0",
                "php": ">=5.5.0"
            },
            "provide": {
                "container-interop/container-interop-implementation": "^1.0"
            },
            "require-dev": {
                "acclimate/container": "~1.0",
                "mouf/picotainer": "~1.0",
                "phpunit/phpunit": "~5.7 || ~4.8"
            },
            "type": "library",
            "autoload": {
                "psr-4": {
                    "Aura\\Di\\": "src/"
                }
            },
            "notification-url": "https://packagist.org/downloads/",
            "license": [
                "MIT"
            ],
            "authors": [
                {
                    "name": "Aura.Di Contributors",
                    "homepage": "https://github.com/auraphp/Aura.Di/contributors"
                }
            ],
            "description": "A serializable dependency injection container with constructor and setter injection, interface and trait awareness, configuration inheritance, and much more.",
            "homepage": "https://github.com/auraphp/Aura.Di",
            "keywords": [
                "container",
                "dependency injection",
                "dependency injection container",
                "di",
                "di container"
            ],
            "time": "2019-01-04T08:23:21+00:00"
        },
        {
            "name": "aura/router",
            "version": "3.x-dev",
            "source": {
                "type": "git",
                "url": "https://github.com/auraphp/Aura.Router.git",
                "reference": "9167a38a8a9e9ec96667d939e3eaa4b2e7bd5333"
            },
            "dist": {
                "type": "zip",
                "url": "https://api.github.com/repos/auraphp/Aura.Router/zipball/9167a38a8a9e9ec96667d939e3eaa4b2e7bd5333",
                "reference": "9167a38a8a9e9ec96667d939e3eaa4b2e7bd5333",
                "shasum": ""
            },
            "require": {
                "php": ">=5.5.0",
                "psr/http-message": "~1.0",
                "psr/log": "~1.0"
            },
            "require-dev": {
                "phpunit/phpunit": "~5.7 || ~4.8",
                "zendframework/zend-diactoros": "~1.0"
            },
            "type": "library",
            "autoload": {
                "psr-4": {
                    "Aura\\Router\\": "src/"
                }
            },
            "notification-url": "https://packagist.org/downloads/",
            "license": [
                "MIT"
            ],
            "authors": [
                {
                    "name": "Aura.Router Contributors",
                    "homepage": "https://github.com/auraphp/Aura.Router/contributors"
                }
            ],
            "description": "Powerful, flexible web routing for PSR-7 requests.",
            "homepage": "https://github.com/auraphp/Aura.Router",
            "keywords": [
                "psr-7",
                "route",
                "router",
                "routing"
            ],
            "time": "2018-11-06T02:14:29+00:00"
        },
        {
            "name": "aura/sql",
            "version": "3.x-dev",
            "source": {
                "type": "git",
                "url": "https://github.com/auraphp/Aura.Sql.git",
                "reference": "2be02d5dfd9fdee6df199de1a19572aa490bb744"
            },
            "dist": {
                "type": "zip",
                "url": "https://api.github.com/repos/auraphp/Aura.Sql/zipball/2be02d5dfd9fdee6df199de1a19572aa490bb744",
                "reference": "2be02d5dfd9fdee6df199de1a19572aa490bb744",
                "shasum": ""
            },
            "require": {
                "php": ">=5.6.0",
                "psr/log": "^1.0"
            },
            "require-dev": {
                "pds/skeleton": "~1.0",
                "phpunit/phpunit": "~5.0"
            },
            "type": "library",
            "autoload": {
                "psr-4": {
                    "Aura\\Sql\\": "src/"
                }
            },
            "notification-url": "https://packagist.org/downloads/",
            "license": [
                "MIT"
            ],
            "authors": [
                {
                    "name": "Aura.Sql Contributors",
                    "homepage": "https://github.com/auraphp/Aura.Sql/contributors"
                }
            ],
            "description": "A PDO extension that provides lazy connections, array quoting, query profiling, value binding, and convenience methods for common fetch styles. Because it extends PDO, existing code that uses PDO can use this without any changes to the existing code.",
            "homepage": "https://github.com/auraphp/Aura.Sql",
            "keywords": [
                "mysql",
                "pdo",
                "pgsql",
                "postgres",
                "postgresql",
                "sql server",
                "sqlite",
                "sqlserver",
                "sqlsrv"
            ],
            "time": "2018-06-11T12:57:42+00:00"
        },
        {
            "name": "authy/php",
            "version": "v2.5",
            "source": {
                "type": "git",
                "url": "https://github.com/authy/authy-php.git",
                "reference": "5b78078550d0bc5401a539c14018391052172dae"
            },
            "dist": {
                "type": "zip",
                "url": "https://api.github.com/repos/authy/authy-php/zipball/5b78078550d0bc5401a539c14018391052172dae",
                "reference": "5b78078550d0bc5401a539c14018391052172dae",
                "shasum": ""
            },
            "require": {
                "guzzlehttp/guzzle": "~5.0",
                "php": ">=5.3.0"
            },
            "require-dev": {
                "eher/phpunit": ">= 1.6"
            },
            "type": "library",
            "autoload": {
                "psr-0": {
                    "Authy": "lib"
                }
            },
            "notification-url": "https://packagist.org/downloads/",
            "license": [
                "MIT"
            ],
            "authors": [
                {
                    "name": "David Cuadrado",
                    "email": "david@authy.com"
                }
            ],
            "description": "PHP client for Authy",
            "homepage": "https://github.com/authy/authy-php",
            "keywords": [
                "Authentication",
                "api",
                "two-factor"
            ],
            "time": "2016-10-20T19:52:58+00:00"
        },
        {
            "name": "container-interop/container-interop",
            "version": "1.2.0",
            "source": {
                "type": "git",
                "url": "https://github.com/container-interop/container-interop.git",
                "reference": "79cbf1341c22ec75643d841642dd5d6acd83bdb8"
            },
            "dist": {
                "type": "zip",
                "url": "https://api.github.com/repos/container-interop/container-interop/zipball/79cbf1341c22ec75643d841642dd5d6acd83bdb8",
                "reference": "79cbf1341c22ec75643d841642dd5d6acd83bdb8",
                "shasum": ""
            },
            "require": {
                "psr/container": "^1.0"
            },
            "type": "library",
            "autoload": {
                "psr-4": {
                    "Interop\\Container\\": "src/Interop/Container/"
                }
            },
            "notification-url": "https://packagist.org/downloads/",
            "license": [
                "MIT"
            ],
            "description": "Promoting the interoperability of container objects (DIC, SL, etc.)",
            "homepage": "https://github.com/container-interop/container-interop",
            "time": "2017-02-14T19:40:03+00:00"
        },
        {
            "name": "dashifen/action",
            "version": "2.1.1",
            "source": {
                "type": "git",
                "url": "https://github.com/dashifen/action.git",
                "reference": "6f9949fc738a1358c626650017382dc802a05428"
            },
            "dist": {
                "type": "zip",
                "url": "https://api.github.com/repos/dashifen/action/zipball/6f9949fc738a1358c626650017382dc802a05428",
                "reference": "6f9949fc738a1358c626650017382dc802a05428",
                "shasum": ""
            },
            "require": {
                "aura/di": "3.x-dev",
                "dashifen/domain": "^2",
                "dashifen/request": "^1",
                "dashifen/response": "^1",
                "php": "^7.1"
            },
            "type": "library",
            "autoload": {
                "psr-4": {
                    "Dashifen\\Action\\": "src/"
                }
            },
            "notification-url": "https://packagist.org/downloads/",
            "license": [
                "MIT"
            ],
            "authors": [
                {
                    "name": "David Dashifen Kees",
                    "email": "dashifen@dashifen.com",
                    "homepage": "https://dashifen.com",
                    "role": "developer"
                }
            ],
            "description": "an action object that handles a web request, interacts with a domain, and helps to emit a response",
            "time": "2017-05-19T22:30:58+00:00"
        },
        {
            "name": "dashifen/database",
            "version": "1.3.2",
            "source": {
                "type": "git",
                "url": "https://github.com/dashifen/database.git",
                "reference": "03835324e0d8ee51eebaf2370617c26eeb8c4969"
            },
            "dist": {
                "type": "zip",
                "url": "https://api.github.com/repos/dashifen/database/zipball/03835324e0d8ee51eebaf2370617c26eeb8c4969",
                "reference": "03835324e0d8ee51eebaf2370617c26eeb8c4969",
                "shasum": ""
            },
            "require": {
                "aura/sql": "^3.0",
                "dashifen/exception": "^1",
                "php": "^7.1"
            },
            "require-dev": {
                "league/booboo": "^1.0"
            },
            "type": "library",
            "autoload": {
                "psr-4": {
                    "Dashifen\\Database\\": "src/"
                }
            },
            "notification-url": "https://packagist.org/downloads/",
            "license": [
                "MIT"
            ],
            "authors": [
                {
                    "name": "David Dashifen Kees",
                    "email": "dashifen@dashifen.com",
                    "homepage": "https://dashifen.com",
                    "role": "developer"
                }
            ],
            "description": "A wrapper around the extended PDO object from Aura/SQL using the interface that Dash prefers.",
            "keywords": [
                "aura",
                "auraphp",
                "database",
                "pdo"
            ],
            "time": "2018-06-24T20:23:37+00:00"
        },
        {
            "name": "dashifen/domain",
            "version": "2.0.2",
            "source": {
                "type": "git",
                "url": "https://github.com/dashifen/domain.git",
                "reference": "990c99a780b0949aede124d476ae77f9b4428f75"
            },
            "dist": {
                "type": "zip",
                "url": "https://api.github.com/repos/dashifen/domain/zipball/990c99a780b0949aede124d476ae77f9b4428f75",
                "reference": "990c99a780b0949aede124d476ae77f9b4428f75",
                "shasum": ""
            },
            "require": {
                "dashifen/database": "^1.0",
                "dashifen/session": "^1.0",
                "php": "^7.1"
            },
            "type": "library",
            "autoload": {
                "psr-4": {
                    "Dashifen\\Domain\\": "src/"
                }
            },
            "notification-url": "https://packagist.org/downloads/",
            "license": [
                "MIT"
            ],
            "authors": [
                {
                    "name": "David Dashifen Kees",
                    "email": "dashifen@dashifen.com",
                    "homepage": "https://dashifen.com",
                    "role": "developer"
                }
            ],
            "description": "interfaces and implementation for domains and payload delivery",
            "time": "2017-08-23T14:51:11+00:00"
        },
        {
            "name": "dashifen/exception",
            "version": "1.1.0",
            "source": {
                "type": "git",
                "url": "https://github.com/dashifen/exception.git",
                "reference": "8c1063dcfe347ae990cda913207331772db78771"
            },
            "dist": {
                "type": "zip",
                "url": "https://api.github.com/repos/dashifen/exception/zipball/8c1063dcfe347ae990cda913207331772db78771",
                "reference": "8c1063dcfe347ae990cda913207331772db78771",
                "shasum": ""
            },
            "require": {
                "php": ">=7"
            },
            "type": "library",
            "autoload": {
                "psr-4": {
                    "Dashifen\\Exception\\": "src/"
                }
            },
            "notification-url": "https://packagist.org/downloads/",
            "license": [
                "MIT"
            ],
            "authors": [
                {
                    "name": "David Dashifen Kees",
                    "email": "dashifen@dashifen.com",
                    "homepage": "https://dashifen.com",
                    "role": "developer"
                }
            ],
            "description": "a base class for exceptions in Dashifen's other work",
            "time": "2018-09-28T15:41:12+00:00"
        },
        {
            "name": "dashifen/exceptionator",
            "version": "1.0.4",
            "source": {
                "type": "git",
                "url": "https://github.com/dashifen/exceptionator.git",
                "reference": "2b8515c530d2691c90cc2748c06a6cc58e093df8"
            },
            "dist": {
                "type": "zip",
                "url": "https://api.github.com/repos/dashifen/exceptionator/zipball/2b8515c530d2691c90cc2748c06a6cc58e093df8",
                "reference": "2b8515c530d2691c90cc2748c06a6cc58e093df8",
                "shasum": ""
            },
            "require": {
                "dashifen/database": "<2.0",
                "dashifen/request": "^1.0",
                "php": "^7.1"
            },
            "type": "library",
            "autoload": {
                "psr-4": {
                    "Dashifen\\Exceptionator\\": "src/"
                }
            },
            "notification-url": "https://packagist.org/downloads/",
            "license": [
                "MIT"
            ],
            "authors": [
                {
                    "name": "David Dashifen Kees",
                    "email": "dashifen@dashifen.com",
                    "homepage": "https://dashifen.com",
                    "role": "developer"
                }
            ],
            "description": "an error/exception handler that works just the way I like it",
            "time": "2017-04-30T15:16:55+00:00"
        },
        {
            "name": "dashifen/form",
            "version": "1.14.7",
            "source": {
                "type": "git",
                "url": "https://github.com/dashifen/form.git",
                "reference": "3159589aa54cd54b09d6cd3a112cb49b148354e2"
            },
            "dist": {
                "type": "zip",
                "url": "https://api.github.com/repos/dashifen/form/zipball/3159589aa54cd54b09d6cd3a112cb49b148354e2",
                "reference": "3159589aa54cd54b09d6cd3a112cb49b148354e2",
                "shasum": ""
            },
            "require": {
                "dashifen/exception": "^1",
                "php": "^7.1",
                "ralouphie/mimey": "^2.0"
            },
            "type": "library",
            "autoload": {
                "psr-4": {
                    "Dashifen\\Form\\": "src/"
                }
            },
            "notification-url": "https://packagist.org/downloads/",
            "license": [
                "MIT"
            ],
            "authors": [
                {
                    "name": "David Dashifen Kees",
                    "email": "dashifen@dashifen.com",
                    "homepage": "https://dashifen.com",
                    "role": "developer"
                }
            ],
            "description": "A series of objects that build an HTML form in the way I like.",
            "time": "2018-07-23T19:34:22+00:00"
        },
        {
            "name": "dashifen/request",
            "version": "1.2.0",
            "source": {
                "type": "git",
                "url": "https://github.com/dashifen/request.git",
                "reference": "a77c03253c4036abb025503ad6da011a1375e727"
            },
            "dist": {
                "type": "zip",
                "url": "https://api.github.com/repos/dashifen/request/zipball/a77c03253c4036abb025503ad6da011a1375e727",
                "reference": "a77c03253c4036abb025503ad6da011a1375e727",
                "shasum": ""
            },
            "require": {
                "dashifen/session": "^1.0",
                "php": "^7.1",
                "zendframework/zend-diactoros": "^1.4"
            },
            "type": "library",
            "autoload": {
                "psr-4": {
                    "Dashifen\\Request\\": "src/"
                }
            },
            "notification-url": "https://packagist.org/downloads/",
            "license": [
                "MIT"
            ],
            "authors": [
                {
                    "name": "David Dashifen Kees",
                    "email": "dashifen@dashifen.com",
                    "homepage": "https://dashifen.com",
                    "role": "developer"
                }
            ],
            "description": "a basic encapsulation of an http request from a visitor to a website",
            "time": "2017-04-30T14:22:26+00:00"
        },
        {
            "name": "dashifen/response",
            "version": "1.2.0",
            "source": {
                "type": "git",
                "url": "https://github.com/dashifen/response.git",
                "reference": "1ddf55cda480fd22130e4a8ff7000b445b21ee11"
            },
            "dist": {
                "type": "zip",
                "url": "https://api.github.com/repos/dashifen/response/zipball/1ddf55cda480fd22130e4a8ff7000b445b21ee11",
                "reference": "1ddf55cda480fd22130e4a8ff7000b445b21ee11",
                "shasum": ""
            },
            "require": {
                "dashifen/exception": "^1",
                "php": "^7.1",
                "zendframework/zend-diactoros": "^1.4"
            },
            "type": "library",
            "autoload": {
                "psr-4": {
                    "Dashifen\\Response\\": "src/"
                }
            },
            "notification-url": "https://packagist.org/downloads/",
            "license": [
                "MIT"
            ],
            "authors": [
                {
                    "name": "David Dashifen Kees",
                    "email": "dashifen@dashifen.com",
                    "homepage": "https://dashifen.com",
                    "role": "developer"
                }
            ],
            "description": "an encapsulation of a HTTP response",
            "time": "2017-08-05T18:23:13+00:00"
        },
        {
            "name": "dashifen/router",
            "version": "3.0.3",
            "source": {
                "type": "git",
                "url": "https://github.com/dashifen/router.git",
                "reference": "de1c892f6862c3ade1d4896f96ce755680e8c849"
            },
            "dist": {
                "type": "zip",
                "url": "https://api.github.com/repos/dashifen/router/zipball/de1c892f6862c3ade1d4896f96ce755680e8c849",
                "reference": "de1c892f6862c3ade1d4896f96ce755680e8c849",
                "shasum": ""
            },
            "require": {
                "dashifen/request": "^1.0",
                "php": "^7.1"
            },
            "type": "library",
            "autoload": {
                "psr-4": {
                    "Dashifen\\Router\\": "src/"
                }
            },
            "notification-url": "https://packagist.org/downloads/",
            "license": [
                "MIT"
            ],
            "authors": [
                {
                    "name": "David Dashifen Kees",
                    "email": "dashifen@dashifen.com",
                    "homepage": "https://dashifen.com",
                    "role": "developer"
                }
            ],
            "description": "a PHP routing object",
            "time": "2017-05-19T22:01:19+00:00"
        },
        {
            "name": "dashifen/searchbar",
            "version": "1.2.2",
            "source": {
                "type": "git",
                "url": "https://github.com/dashifen/searchbar.git",
                "reference": "039f9811f51b060022b61547648fae32b4481419"
            },
            "dist": {
                "type": "zip",
                "url": "https://api.github.com/repos/dashifen/searchbar/zipball/039f9811f51b060022b61547648fae32b4481419",
                "reference": "039f9811f51b060022b61547648fae32b4481419",
                "shasum": ""
            },
            "require": {
                "dashifen/exception": "^1",
                "php": "^7.1"
            },
            "type": "library",
            "autoload": {
                "psr-4": {
                    "Dashifen\\Searchbar\\": "src/"
                }
            },
            "notification-url": "https://packagist.org/downloads/",
            "license": [
                "MIT"
            ],
            "authors": [
                {
                    "name": "David Dashifen Kees",
                    "email": "dashifen@dashifen.com",
                    "homepage": "https://dashifen.com",
                    "role": "developer"
                }
            ],
            "description": "a class which produces a search bar to search within on-screen data",
            "time": "2017-08-15T17:14:25+00:00"
        },
        {
            "name": "dashifen/session",
            "version": "1.1.1",
            "source": {
                "type": "git",
                "url": "https://github.com/dashifen/session.git",
                "reference": "c9e57326d2c490f7d3465732d4cfd6370e1992e5"
            },
            "dist": {
                "type": "zip",
                "url": "https://api.github.com/repos/dashifen/session/zipball/c9e57326d2c490f7d3465732d4cfd6370e1992e5",
                "reference": "c9e57326d2c490f7d3465732d4cfd6370e1992e5",
                "shasum": ""
            },
            "require": {
                "dashifen/exception": "^1",
                "php": "^7.1"
            },
            "type": "library",
            "autoload": {
                "psr-4": {
                    "Dashifen\\Session\\": "src/"
                }
            },
            "notification-url": "https://packagist.org/downloads/",
            "license": [
                "MIT"
            ],
            "authors": [
                {
                    "name": "David Dashifen Kees",
                    "email": "dashifen@dashifen.com",
                    "homepage": "https://dashifen.com",
                    "role": "developer"
                }
            ],
            "description": "a PHP session handling object",
            "keywords": [
                "session"
            ],
            "time": "2018-02-13T01:29:40+00:00"
        },
        {
            "name": "guzzlehttp/guzzle",
            "version": "5.3.x-dev",
            "source": {
                "type": "git",
                "url": "https://github.com/guzzle/guzzle.git",
                "reference": "40bdb7fff25c0a1bd37c0f9d11ff94f350aeb746"
            },
            "dist": {
                "type": "zip",
                "url": "https://api.github.com/repos/guzzle/guzzle/zipball/40bdb7fff25c0a1bd37c0f9d11ff94f350aeb746",
                "reference": "40bdb7fff25c0a1bd37c0f9d11ff94f350aeb746",
                "shasum": ""
            },
            "require": {
                "guzzlehttp/ringphp": "^1.1",
                "php": ">=5.4.0",
                "react/promise": "^2.2"
            },
            "require-dev": {
                "ext-curl": "*",
                "phpunit/phpunit": "^4.0"
            },
            "type": "library",
            "autoload": {
                "psr-4": {
                    "GuzzleHttp\\": "src/"
                }
            },
            "notification-url": "https://packagist.org/downloads/",
            "license": [
                "MIT"
            ],
            "authors": [
                {
                    "name": "Michael Dowling",
                    "email": "mtdowling@gmail.com",
                    "homepage": "https://github.com/mtdowling"
                }
            ],
            "description": "Guzzle is a PHP HTTP client library and framework for building RESTful web service clients",
            "homepage": "http://guzzlephp.org/",
            "keywords": [
                "client",
                "curl",
                "framework",
                "http",
                "http client",
                "rest",
                "web service"
            ],
            "time": "2019-04-15T05:46:56+00:00"
        },
        {
            "name": "guzzlehttp/ringphp",
            "version": "dev-master",
            "source": {
                "type": "git",
                "url": "https://github.com/guzzle/RingPHP.git",
                "reference": "5e2a174052995663dd68e6b5ad838afd47dd615b"
            },
            "dist": {
                "type": "zip",
                "url": "https://api.github.com/repos/guzzle/RingPHP/zipball/5e2a174052995663dd68e6b5ad838afd47dd615b",
                "reference": "5e2a174052995663dd68e6b5ad838afd47dd615b",
                "shasum": ""
            },
            "require": {
                "guzzlehttp/streams": "~3.0",
                "php": ">=5.4.0",
                "react/promise": "~2.0"
            },
            "require-dev": {
                "ext-curl": "*",
                "phpunit/phpunit": "~4.0"
            },
            "suggest": {
                "ext-curl": "Guzzle will use specific adapters if cURL is present"
            },
            "type": "library",
            "extra": {
                "branch-alias": {
                    "dev-master": "1.1-dev"
                }
            },
            "autoload": {
                "psr-4": {
                    "GuzzleHttp\\Ring\\": "src/"
                }
            },
            "notification-url": "https://packagist.org/downloads/",
            "license": [
                "MIT"
            ],
            "authors": [
                {
                    "name": "Michael Dowling",
                    "email": "mtdowling@gmail.com",
                    "homepage": "https://github.com/mtdowling"
                }
            ],
            "description": "Provides a simple API and specification that abstracts away the details of HTTP into a single PHP function.",
            "time": "2018-07-31T13:22:33+00:00"
        },
        {
            "name": "guzzlehttp/streams",
            "version": "dev-master",
            "source": {
                "type": "git",
                "url": "https://github.com/guzzle/streams.git",
                "reference": "d99a261c616210618ab94fd319cb17eda458cc3e"
            },
            "dist": {
                "type": "zip",
                "url": "https://api.github.com/repos/guzzle/streams/zipball/d99a261c616210618ab94fd319cb17eda458cc3e",
                "reference": "d99a261c616210618ab94fd319cb17eda458cc3e",
                "shasum": ""
            },
            "require": {
                "php": ">=5.4.0"
            },
            "require-dev": {
                "phpunit/phpunit": "~4.0"
            },
            "type": "library",
            "extra": {
                "branch-alias": {
                    "dev-master": "3.0-dev"
                }
            },
            "autoload": {
                "psr-4": {
                    "GuzzleHttp\\Stream\\": "src/"
                }
            },
            "notification-url": "https://packagist.org/downloads/",
            "license": [
                "MIT"
            ],
            "authors": [
                {
                    "name": "Michael Dowling",
                    "email": "mtdowling@gmail.com",
                    "homepage": "https://github.com/mtdowling"
                }
            ],
            "description": "Provides a simple abstraction over streams of data",
            "homepage": "http://guzzlephp.org/",
            "keywords": [
                "Guzzle",
                "stream"
            ],
            "time": "2016-04-13T16:32:01+00:00"
        },
        {
            "name": "latitude/latitude",
            "version": "3.3.0",
            "source": {
                "type": "git",
                "url": "https://github.com/shadowhand/latitude.git",
                "reference": "8f8e6e42f81cbbad44bf550405d7444da6f09dc5"
            },
            "dist": {
                "type": "zip",
                "url": "https://api.github.com/repos/shadowhand/latitude/zipball/8f8e6e42f81cbbad44bf550405d7444da6f09dc5",
                "reference": "8f8e6e42f81cbbad44bf550405d7444da6f09dc5",
                "shasum": ""
            },
            "require": {
                "php": ">=7.1"
            },
            "require-dev": {
                "eloquent/liberator": "^2.0",
                "hoa/devtools": "^1.17",
                "hoa/ruler": "2.17.05.16",
                "phpstan/phpstan": "^0.9.1",
                "phpunit/phpunit": "^6.0",
                "vimeo/psalm": "^0.3.88"
            },
            "suggest": {
                "hoa/ruler": "Adds support for creating criteria from strings"
            },
            "type": "library",
            "autoload": {
                "files": [
                    "src/functions.php"
                ],
                "psr-4": {
                    "Latitude\\QueryBuilder\\": "src/"
                }
            },
            "notification-url": "https://packagist.org/downloads/",
            "license": [
                "MIT"
            ],
            "authors": [
                {
                    "name": "Woody Gilk",
                    "email": "woody.gilk@gmail.com",
                    "homepage": "https://github.com/shadowhand"
                }
            ],
            "description": "A SQL query builder with zero dependencies",
            "time": "2019-02-04T14:25:02+00:00"
        },
        {
            "name": "psr/container",
            "version": "dev-master",
            "source": {
                "type": "git",
                "url": "https://github.com/php-fig/container.git",
                "reference": "014d250daebff39eba15ba990eeb2a140798e77c"
            },
            "dist": {
                "type": "zip",
                "url": "https://api.github.com/repos/php-fig/container/zipball/014d250daebff39eba15ba990eeb2a140798e77c",
                "reference": "014d250daebff39eba15ba990eeb2a140798e77c",
                "shasum": ""
            },
            "require": {
                "php": ">=5.3.0"
            },
            "type": "library",
            "extra": {
                "branch-alias": {
                    "dev-master": "1.0.x-dev"
                }
            },
            "autoload": {
                "psr-4": {
                    "Psr\\Container\\": "src/"
                }
            },
            "notification-url": "https://packagist.org/downloads/",
            "license": [
                "MIT"
            ],
            "authors": [
                {
                    "name": "PHP-FIG",
                    "homepage": "http://www.php-fig.org/"
                }
            ],
            "description": "Common Container Interface (PHP FIG PSR-11)",
            "homepage": "https://github.com/php-fig/container",
            "keywords": [
                "PSR-11",
                "container",
                "container-interface",
                "container-interop",
                "psr"
            ],
            "time": "2018-12-29T15:36:03+00:00"
        },
        {
            "name": "psr/http-message",
            "version": "dev-master",
            "source": {
                "type": "git",
                "url": "https://github.com/php-fig/http-message.git",
                "reference": "f6561bf28d520154e4b0ec72be95418abe6d9363"
            },
            "dist": {
                "type": "zip",
                "url": "https://api.github.com/repos/php-fig/http-message/zipball/f6561bf28d520154e4b0ec72be95418abe6d9363",
                "reference": "f6561bf28d520154e4b0ec72be95418abe6d9363",
                "shasum": ""
            },
            "require": {
                "php": ">=5.3.0"
            },
            "type": "library",
            "extra": {
                "branch-alias": {
                    "dev-master": "1.0.x-dev"
                }
            },
            "autoload": {
                "psr-4": {
                    "Psr\\Http\\Message\\": "src/"
                }
            },
            "notification-url": "https://packagist.org/downloads/",
            "license": [
                "MIT"
            ],
            "authors": [
                {
                    "name": "PHP-FIG",
                    "homepage": "http://www.php-fig.org/"
                }
            ],
            "description": "Common interface for HTTP messages",
            "homepage": "https://github.com/php-fig/http-message",
            "keywords": [
                "http",
                "http-message",
                "psr",
                "psr-7",
                "request",
                "response"
            ],
            "time": "2016-08-06T14:39:51+00:00"
        },
        {
            "name": "psr/log",
            "version": "dev-master",
            "source": {
                "type": "git",
                "url": "https://github.com/php-fig/log.git",
                "reference": "c4421fcac1edd5a324fda73e589a5cf96e52ffd0"
            },
            "dist": {
                "type": "zip",
                "url": "https://api.github.com/repos/php-fig/log/zipball/c4421fcac1edd5a324fda73e589a5cf96e52ffd0",
                "reference": "c4421fcac1edd5a324fda73e589a5cf96e52ffd0",
                "shasum": ""
            },
            "require": {
                "php": ">=5.3.0"
            },
            "type": "library",
            "extra": {
                "branch-alias": {
                    "dev-master": "1.1.x-dev"
                }
            },
            "autoload": {
                "psr-4": {
                    "Psr\\Log\\": "Psr/Log/"
                }
            },
            "notification-url": "https://packagist.org/downloads/",
            "license": [
                "MIT"
            ],
            "authors": [
                {
                    "name": "PHP-FIG",
                    "homepage": "http://www.php-fig.org/"
                }
            ],
            "description": "Common interface for logging libraries",
            "homepage": "https://github.com/php-fig/log",
            "keywords": [
                "log",
                "psr",
                "psr-3"
            ],
            "time": "2018-11-21T13:42:00+00:00"
        },
        {
            "name": "ralouphie/mimey",
            "version": "2.1.0",
            "source": {
                "type": "git",
                "url": "https://github.com/ralouphie/mimey.git",
                "reference": "8f74e6da73f9df7bd965e4e123f3d8fb9acb89ba"
            },
            "dist": {
                "type": "zip",
                "url": "https://api.github.com/repos/ralouphie/mimey/zipball/8f74e6da73f9df7bd965e4e123f3d8fb9acb89ba",
                "reference": "8f74e6da73f9df7bd965e4e123f3d8fb9acb89ba",
                "shasum": ""
            },
            "require": {
                "php": "^5.4|^7.0"
            },
            "require-dev": {
                "php-coveralls/php-coveralls": "^1.1",
                "phpunit/phpunit": "^4.8 || ^5.7 || ^6.5"
            },
            "type": "library",
            "autoload": {
                "psr-4": {
                    "Mimey\\": "src/"
                }
            },
            "notification-url": "https://packagist.org/downloads/",
            "license": [
                "MIT"
            ],
            "authors": [
                {
                    "name": "Ralph Khattar",
                    "email": "ralph.khattar@gmail.com"
                }
            ],
            "description": "PHP package for converting file extensions to MIME types and vice versa.",
            "time": "2019-03-08T08:49:03+00:00"
        },
        {
            "name": "react/promise",
            "version": "2.x-dev",
            "source": {
                "type": "git",
                "url": "https://github.com/reactphp/promise.git",
                "reference": "43896aa097d0233da13f81ca9df4efef5177cc82"
            },
            "dist": {
                "type": "zip",
                "url": "https://api.github.com/repos/reactphp/promise/zipball/43896aa097d0233da13f81ca9df4efef5177cc82",
                "reference": "43896aa097d0233da13f81ca9df4efef5177cc82",
                "shasum": ""
            },
            "require": {
                "php": ">=5.4.0"
            },
            "require-dev": {
                "phpunit/phpunit": "~4.8"
            },
            "type": "library",
            "autoload": {
                "psr-4": {
                    "React\\Promise\\": "src/"
                },
                "files": [
                    "src/functions_include.php"
                ]
            },
            "notification-url": "https://packagist.org/downloads/",
            "license": [
                "MIT"
            ],
            "authors": [
                {
                    "name": "Jan Sorgalla",
                    "email": "jsorgalla@gmail.com"
                }
            ],
            "description": "A lightweight implementation of CommonJS Promises/A for PHP",
            "keywords": [
                "promise",
                "promises"
            ],
            "time": "2019-01-08T16:10:34+00:00"
        },
        {
            "name": "zendframework/zend-diactoros",
            "version": "dev-release-1.8",
            "source": {
                "type": "git",
                "url": "https://github.com/zendframework/zend-diactoros.git",
                "reference": "1dc4959014d3e7304bd87c58bcf96cf3fc63ac00"
            },
            "dist": {
                "type": "zip",
                "url": "https://api.github.com/repos/zendframework/zend-diactoros/zipball/1dc4959014d3e7304bd87c58bcf96cf3fc63ac00",
                "reference": "1dc4959014d3e7304bd87c58bcf96cf3fc63ac00",
                "shasum": ""
            },
            "require": {
                "php": "^5.6 || ^7.0",
                "psr/http-message": "^1.0"
            },
            "provide": {
                "psr/http-message-implementation": "1.0"
            },
            "require-dev": {
                "ext-dom": "*",
                "ext-libxml": "*",
                "php-http/psr7-integration-tests": "dev-master",
                "phpunit/phpunit": "^5.7.16 || ^6.0.8 || ^7.2.7",
                "zendframework/zend-coding-standard": "~1.0"
            },
            "type": "library",
            "extra": {
                "branch-alias": {
                    "dev-release-1.8": "1.8.x-dev"
                }
            },
            "autoload": {
                "files": [
                    "src/functions/create_uploaded_file.php",
                    "src/functions/marshal_headers_from_sapi.php",
                    "src/functions/marshal_method_from_sapi.php",
                    "src/functions/marshal_protocol_version_from_sapi.php",
                    "src/functions/marshal_uri_from_sapi.php",
                    "src/functions/normalize_server.php",
                    "src/functions/normalize_uploaded_files.php",
                    "src/functions/parse_cookie_header.php"
                ],
                "psr-4": {
                    "Zend\\Diactoros\\": "src/"
                }
            },
            "notification-url": "https://packagist.org/downloads/",
            "license": [
                "BSD-2-Clause"
            ],
            "description": "PSR HTTP Message implementations",
            "homepage": "https://github.com/zendframework/zend-diactoros",
            "keywords": [
                "http",
                "psr",
                "psr-7"
            ],
            "time": "2018-09-27T19:45:25+00:00"
        }
    ],
    "packages-dev": [],
    "aliases": [],
    "minimum-stability": "dev",
    "stability-flags": [],
    "prefer-stable": false,
    "prefer-lowest": false,
    "platform": [],
    "platform-dev": []
}
